
Microsoft Visual Studio Solution File, Format Version 12.00
# Visual Studio Version 17
VisualStudioVersion = 17.3.32901.215
MinimumVisualStudioVersion = 10.0.40219.1
Project("{FAE04EC0-301F-11D3-BF4B-00C04F79EFBC}") = "hw2", "hw2\hw2.csproj", "{02E4F566-344F-4C49-9869-98036DE190C1}"
EndProject
Global
	GlobalSection(SolutionConfigurationPlatforms) = preSolution
		Debug|Any CPU = Debug|Any CPU
		Release|Any CPU = Release|Any CPU
	EndGlobalSection
	GlobalSection(ProjectConfigurationPlatforms) = postSolution
		{02E4F566-344F-4C49-9869-98036DE190C1}.Debug|Any CPU.ActiveCfg = Debug|Any CPU
		{02E4F566-344F-4C49-9869-98036DE190C1}.Debug|Any CPU.Build.0 = Debug|Any CPU
		{02E4F566-344F-4C49-9869-98036DE190C1}.Release|Any CPU.ActiveCfg = Release|Any CPU
		{02E4F566-344F-4C49-9869-98036DE190C1}.Release|Any CPU.Build.0 = Release|Any CPU
	EndGlobalSection
	GlobalSection(SolutionProperties) = preSolution
		HideSolutionNode = FALSE
	EndGlobalSection
	GlobalSection(ExtensibilityGlobals) = postSolution
		SolutionGuid = {1FF5185C-0439-4EE5-BAB6-CCA97F3200FD}
	EndGlobalSection
EndGlobal
